
Microsoft Visual Studio Solution File, Format Version 12.00
# Visual Studio Version 16
VisualStudioVersion = 16.0.30330.147
MinimumVisualStudioVersion = 10.0.40219.1
Project("{9A19103F-16F7-4668-BE54-9A1E7A4F7556}") = "RazorUni", "RazorUni\RazorUni.csproj", "{1BC3F4FF-48B7-4FD2-9FD7-8CF3CE7CEBEC}"
EndProject
Global
	GlobalSection(SolutionConfigurationPlatforms) = preSolution
		Debug|Any CPU = Debug|Any CPU
		Release|Any CPU = Release|Any CPU
	EndGlobalSection
	GlobalSection(ProjectConfigurationPlatforms) = postSolution
		{1BC3F4FF-48B7-4FD2-9FD7-8CF3CE7CEBEC}.Debug|Any CPU.ActiveCfg = Debug|Any CPU
		{1BC3F4FF-48B7-4FD2-9FD7-8CF3CE7CEBEC}.Debug|Any CPU.Build.0 = Debug|Any CPU
		{1BC3F4FF-48B7-4FD2-9FD7-8CF3CE7CEBEC}.Release|Any CPU.ActiveCfg = Release|Any CPU
		{1BC3F4FF-48B7-4FD2-9FD7-8CF3CE7CEBEC}.Release|Any CPU.Build.0 = Release|Any CPU
	EndGlobalSection
	GlobalSection(SolutionProperties) = preSolution
		HideSolutionNode = FALSE
	EndGlobalSection
	GlobalSection(ExtensibilityGlobals) = postSolution
		SolutionGuid = {A91183A5-9193-45C6-92EC-ED0A80783A0A}
	EndGlobalSection
EndGlobal
